
Microsoft Visual Studio Solution File, Format Version 12.00
# Visual Studio Version 17
VisualStudioVersion = 17.7.34018.315
MinimumVisualStudioVersion = 10.0.40219.1
Project("{2150E333-8FDC-42A3-9474-1A3956D46DE8}") = "Services", "Services", "{F977B114-C7EC-400A-873B-E2D4543DEF9D}"
EndProject
Project("{2150E333-8FDC-42A3-9474-1A3956D46DE8}") = "Catalog", "Catalog", "{66EA4000-B4DC-402A-9264-802292F5FC19}"
EndProject
Project("{9A19103F-16F7-4668-BE54-9A1E7A4F7556}") = "MultiShop.Catatalog", "Services\Catalog\MultiShop.Catatalog\MultiShop.Catatalog.csproj", "{7242AEED-14B9-4BDC-9195-640E19BCDA6D}"
EndProject
Project("{2150E333-8FDC-42A3-9474-1A3956D46DE8}") = "Discount", "Discount", "{85817106-2CF2-4599-BD10-CCAAC7FD22C9}"
EndProject
Project("{9A19103F-16F7-4668-BE54-9A1E7A4F7556}") = "MultiShop.Discount", "Services\Discount\MultiShop.Discount\MultiShop.Discount.csproj", "{3CFE4F59-35C2-4B6B-9AB1-2A7B97E93821}"
EndProject
Project("{2150E333-8FDC-42A3-9474-1A3956D46DE8}") = "Order", "Order", "{16F9B388-5754-4AF0-A41F-F3D5A8BFCE36}"
EndProject
Project("{2150E333-8FDC-42A3-9474-1A3956D46DE8}") = "Core", "Core", "{8AD01E5C-4E47-4E7E-94CA-143A4D06B9BB}"
EndProject
Project("{2150E333-8FDC-42A3-9474-1A3956D46DE8}") = "Infrastructure", "Infrastructure", "{5B6ECD80-798A-4BF5-BDA1-9E3853DB48F5}"
EndProject
Project("{2150E333-8FDC-42A3-9474-1A3956D46DE8}") = "Presentation", "Presentation", "{AF1FBCCA-C900-4E34-901E-3EE965489C83}"
EndProject
Project("{9A19103F-16F7-4668-BE54-9A1E7A4F7556}") = "MultiShop.Order.Domain", "Services\Order\Core\MultiShop.Order.Domain\MultiShop.Order.Domain.csproj", "{AAA5EEB2-84F4-4A10-A011-82C4233E7CE0}"
EndProject
Project("{9A19103F-16F7-4668-BE54-9A1E7A4F7556}") = "MultiShop.Order.Application", "Services\Order\Core\MultiShop.Order.Application\MultiShop.Order.Application.csproj", "{4EDFAD21-8C23-4B70-9BD2-A27C8A6BD259}"
EndProject
Project("{9A19103F-16F7-4668-BE54-9A1E7A4F7556}") = "MultiShop.Order.Persistance", "Services\Order\Infrastructure\MultiShop.Order.Persistance\MultiShop.Order.Persistance.csproj", "{3AE52E8C-DA3E-4B8D-9652-5DD890CBFF8A}"
EndProject
Project("{9A19103F-16F7-4668-BE54-9A1E7A4F7556}") = "MultiShop.Order.WebApi", "Services\Order\Presentation\MultiShop.Order.WebApi\MultiShop.Order.WebApi.csproj", "{BB824F12-D96D-4E7A-9067-2F990C2F90D6}"
EndProject
Project("{2150E333-8FDC-42A3-9474-1A3956D46DE8}") = "IdentityServer", "IdentityServer", "{47F78E18-F3E9-4314-AE86-2CF02A51590E}"
EndProject
Project("{9A19103F-16F7-4668-BE54-9A1E7A4F7556}") = "MultiShop.IdentityServer", "IdentityServer\MultiShop.IdentityServer\MultiShop.IdentityServer.csproj", "{4ECD5B4D-F407-4954-8D23-C44D8314FBBE}"
EndProject
Project("{2150E333-8FDC-42A3-9474-1A3956D46DE8}") = "Requirements", "Requirements", "{90CD55AF-8338-4B94-BD3A-19465B0151AF}"
	ProjectSection(SolutionItems) = preProject
		IdentityServerVersionSolution.txt = IdentityServerVersionSolution.txt
		PortainerCmd.txt = PortainerCmd.txt
	EndProjectSection
EndProject
Global
	GlobalSection(SolutionConfigurationPlatforms) = preSolution
		Debug|Any CPU = Debug|Any CPU
		Release|Any CPU = Release|Any CPU
	EndGlobalSection
	GlobalSection(ProjectConfigurationPlatforms) = postSolution
		{7242AEED-14B9-4BDC-9195-640E19BCDA6D}.Debug|Any CPU.ActiveCfg = Debug|Any CPU
		{7242AEED-14B9-4BDC-9195-640E19BCDA6D}.Debug|Any CPU.Build.0 = Debug|Any CPU
		{7242AEED-14B9-4BDC-9195-640E19BCDA6D}.Release|Any CPU.ActiveCfg = Release|Any CPU
		{7242AEED-14B9-4BDC-9195-640E19BCDA6D}.Release|Any CPU.Build.0 = Release|Any CPU
		{3CFE4F59-35C2-4B6B-9AB1-2A7B97E93821}.Debug|Any CPU.ActiveCfg = Debug|Any CPU
		{3CFE4F59-35C2-4B6B-9AB1-2A7B97E93821}.Debug|Any CPU.Build.0 = Debug|Any CPU
		{3CFE4F59-35C2-4B6B-9AB1-2A7B97E93821}.Release|Any CPU.ActiveCfg = Release|Any CPU
		{3CFE4F59-35C2-4B6B-9AB1-2A7B97E93821}.Release|Any CPU.Build.0 = Release|Any CPU
		{AAA5EEB2-84F4-4A10-A011-82C4233E7CE0}.Debug|Any CPU.ActiveCfg = Debug|Any CPU
		{AAA5EEB2-84F4-4A10-A011-82C4233E7CE0}.Debug|Any CPU.Build.0 = Debug|Any CPU
		{AAA5EEB2-84F4-4A10-A011-82C4233E7CE0}.Release|Any CPU.ActiveCfg = Release|Any CPU
		{AAA5EEB2-84F4-4A10-A011-82C4233E7CE0}.Release|Any CPU.Build.0 = Release|Any CPU
		{4EDFAD21-8C23-4B70-9BD2-A27C8A6BD259}.Debug|Any CPU.ActiveCfg = Debug|Any CPU
		{4EDFAD21-8C23-4B70-9BD2-A27C8A6BD259}.Debug|Any CPU.Build.0 = Debug|Any CPU
		{4EDFAD21-8C23-4B70-9BD2-A27C8A6BD259}.Release|Any CPU.ActiveCfg = Release|Any CPU
		{4EDFAD21-8C23-4B70-9BD2-A27C8A6BD259}.Release|Any CPU.Build.0 = Release|Any CPU
		{3AE52E8C-DA3E-4B8D-9652-5DD890CBFF8A}.Debug|Any CPU.ActiveCfg = Debug|Any CPU
		{3AE52E8C-DA3E-4B8D-9652-5DD890CBFF8A}.Debug|Any CPU.Build.0 = Debug|Any CPU
		{3AE52E8C-DA3E-4B8D-9652-5DD890CBFF8A}.Release|Any CPU.ActiveCfg = Release|Any CPU
		{3AE52E8C-DA3E-4B8D-9652-5DD890CBFF8A}.Release|Any CPU.Build.0 = Release|Any CPU
		{BB824F12-D96D-4E7A-9067-2F990C2F90D6}.Debug|Any CPU.ActiveCfg = Debug|Any CPU
		{BB824F12-D96D-4E7A-9067-2F990C2F90D6}.Debug|Any CPU.Build.0 = Debug|Any CPU
		{BB824F12-D96D-4E7A-9067-2F990C2F90D6}.Release|Any CPU.ActiveCfg = Release|Any CPU
		{BB824F12-D96D-4E7A-9067-2F990C2F90D6}.Release|Any CPU.Build.0 = Release|Any CPU
		{4ECD5B4D-F407-4954-8D23-C44D8314FBBE}.Debug|Any CPU.ActiveCfg = Debug|Any CPU
		{4ECD5B4D-F407-4954-8D23-C44D8314FBBE}.Debug|Any CPU.Build.0 = Debug|Any CPU
		{4ECD5B4D-F407-4954-8D23-C44D8314FBBE}.Release|Any CPU.ActiveCfg = Release|Any CPU
		{4ECD5B4D-F407-4954-8D23-C44D8314FBBE}.Release|Any CPU.Build.0 = Release|Any CPU
	EndGlobalSection
	GlobalSection(SolutionProperties) = preSolution
		HideSolutionNode = FALSE
	EndGlobalSection
	GlobalSection(NestedProjects) = preSolution
		{66EA4000-B4DC-402A-9264-802292F5FC19} = {F977B114-C7EC-400A-873B-E2D4543DEF9D}
		{7242AEED-14B9-4BDC-9195-640E19BCDA6D} = {66EA4000-B4DC-402A-9264-802292F5FC19}
		{85817106-2CF2-4599-BD10-CCAAC7FD22C9} = {F977B114-C7EC-400A-873B-E2D4543DEF9D}
		{3CFE4F59-35C2-4B6B-9AB1-2A7B97E93821} = {85817106-2CF2-4599-BD10-CCAAC7FD22C9}
		{16F9B388-5754-4AF0-A41F-F3D5A8BFCE36} = {F977B114-C7EC-400A-873B-E2D4543DEF9D}
		{8AD01E5C-4E47-4E7E-94CA-143A4D06B9BB} = {16F9B388-5754-4AF0-A41F-F3D5A8BFCE36}
		{5B6ECD80-798A-4BF5-BDA1-9E3853DB48F5} = {16F9B388-5754-4AF0-A41F-F3D5A8BFCE36}
		{AF1FBCCA-C900-4E34-901E-3EE965489C83} = {16F9B388-5754-4AF0-A41F-F3D5A8BFCE36}
		{AAA5EEB2-84F4-4A10-A011-82C4233E7CE0} = {8AD01E5C-4E47-4E7E-94CA-143A4D06B9BB}
		{4EDFAD21-8C23-4B70-9BD2-A27C8A6BD259} = {8AD01E5C-4E47-4E7E-94CA-143A4D06B9BB}
		{3AE52E8C-DA3E-4B8D-9652-5DD890CBFF8A} = {5B6ECD80-798A-4BF5-BDA1-9E3853DB48F5}
		{BB824F12-D96D-4E7A-9067-2F990C2F90D6} = {AF1FBCCA-C900-4E34-901E-3EE965489C83}
		{4ECD5B4D-F407-4954-8D23-C44D8314FBBE} = {47F78E18-F3E9-4314-AE86-2CF02A51590E}
	EndGlobalSection
	GlobalSection(ExtensibilityGlobals) = postSolution
		SolutionGuid = {6A0EC773-4983-45CF-9720-DF44FAB06E7D}
	EndGlobalSection
EndGlobal
